
Microsoft Visual Studio Solution File, Format Version 12.00
# Visual Studio 14
VisualStudioVersion = 14.0.25420.1
MinimumVisualStudioVersion = 10.0.40219.1
Project("{FAE04EC0-301F-11D3-BF4B-00C04F79EFBC}") = "WpfAppUsingWinRT", "WpfAppUsingWinRT\WpfAppUsingWinRT.csproj", "{F45DFC98-E34A-4C10-B52A-6B4536C850EB}"
EndProject
Project("{8BC9CEB8-8B4A-11D0-8D11-00A0C91BC942}") = "WinRtHelper", "WinRtHelper\WinRtHelper.vcxproj", "{C5D47F7D-F667-46F9-8825-E71F80EFBAAD}"
EndProject
Project("{2150E333-8FDC-42A3-9474-1A3956D46DE8}") = "Solution Items", "Solution Items", "{3C497291-BAB7-4AC7-A931-01346CB39BFF}"
	ProjectSection(SolutionItems) = preProject
		Readme.md = Readme.md
	EndProjectSection
EndProject
Global
	GlobalSection(SolutionConfigurationPlatforms) = preSolution
		Debug|Any CPU = Debug|Any CPU
		Debug|x64 = Debug|x64
		Debug|x86 = Debug|x86
		Release|Any CPU = Release|Any CPU
		Release|x64 = Release|x64
		Release|x86 = Release|x86
	EndGlobalSection
	GlobalSection(ProjectConfigurationPlatforms) = postSolution
		{F45DFC98-E34A-4C10-B52A-6B4536C850EB}.Debug|Any CPU.ActiveCfg = Debug|Any CPU
		{F45DFC98-E34A-4C10-B52A-6B4536C850EB}.Debug|Any CPU.Build.0 = Debug|Any CPU
		{F45DFC98-E34A-4C10-B52A-6B4536C850EB}.Debug|x64.ActiveCfg = Debug|Any CPU
		{F45DFC98-E34A-4C10-B52A-6B4536C850EB}.Debug|x64.Build.0 = Debug|Any CPU
		{F45DFC98-E34A-4C10-B52A-6B4536C850EB}.Debug|x86.ActiveCfg = Debug|Any CPU
		{F45DFC98-E34A-4C10-B52A-6B4536C850EB}.Debug|x86.Build.0 = Debug|Any CPU
		{F45DFC98-E34A-4C10-B52A-6B4536C850EB}.Release|Any CPU.ActiveCfg = Release|Any CPU
		{F45DFC98-E34A-4C10-B52A-6B4536C850EB}.Release|Any CPU.Build.0 = Release|Any CPU
		{F45DFC98-E34A-4C10-B52A-6B4536C850EB}.Release|x64.ActiveCfg = Release|Any CPU
		{F45DFC98-E34A-4C10-B52A-6B4536C850EB}.Release|x64.Build.0 = Release|Any CPU
		{F45DFC98-E34A-4C10-B52A-6B4536C850EB}.Release|x86.ActiveCfg = Release|Any CPU
		{F45DFC98-E34A-4C10-B52A-6B4536C850EB}.Release|x86.Build.0 = Release|Any CPU
		{C5D47F7D-F667-46F9-8825-E71F80EFBAAD}.Debug|Any CPU.ActiveCfg = Debug|Win32
		{C5D47F7D-F667-46F9-8825-E71F80EFBAAD}.Debug|x64.ActiveCfg = Debug|x64
		{C5D47F7D-F667-46F9-8825-E71F80EFBAAD}.Debug|x64.Build.0 = Debug|x64
		{C5D47F7D-F667-46F9-8825-E71F80EFBAAD}.Debug|x86.ActiveCfg = Debug|Win32
		{C5D47F7D-F667-46F9-8825-E71F80EFBAAD}.Debug|x86.Build.0 = Debug|Win32
		{C5D47F7D-F667-46F9-8825-E71F80EFBAAD}.Release|Any CPU.ActiveCfg = Release|Win32
		{C5D47F7D-F667-46F9-8825-E71F80EFBAAD}.Release|x64.ActiveCfg = Release|x64
		{C5D47F7D-F667-46F9-8825-E71F80EFBAAD}.Release|x64.Build.0 = Release|x64
		{C5D47F7D-F667-46F9-8825-E71F80EFBAAD}.Release|x86.ActiveCfg = Release|Win32
		{C5D47F7D-F667-46F9-8825-E71F80EFBAAD}.Release|x86.Build.0 = Release|Win32
	EndGlobalSection
	GlobalSection(SolutionProperties) = preSolution
		HideSolutionNode = FALSE
	EndGlobalSection
EndGlobal
